
Microsoft Visual Studio Solution File, Format Version 12.00
# Visual Studio Version 17
VisualStudioVersion = 17.0.32112.339
MinimumVisualStudioVersion = 10.0.40219.1
Project("{FAE04EC0-301F-11D3-BF4B-00C04F79EFBC}") = "FactoryAPI", "FactoryAPI\FactoryAPI.csproj", "{229A4662-FF84-455B-9731-81699EF7ED49}"
EndProject
Global
	GlobalSection(SolutionConfigurationPlatforms) = preSolution
		Debug|Any CPU = Debug|Any CPU
		Release|Any CPU = Release|Any CPU
	EndGlobalSection
	GlobalSection(ProjectConfigurationPlatforms) = postSolution
		{229A4662-FF84-455B-9731-81699EF7ED49}.Debug|Any CPU.ActiveCfg = Debug|Any CPU
		{229A4662-FF84-455B-9731-81699EF7ED49}.Debug|Any CPU.Build.0 = Debug|Any CPU
		{229A4662-FF84-455B-9731-81699EF7ED49}.Release|Any CPU.ActiveCfg = Release|Any CPU
		{229A4662-FF84-455B-9731-81699EF7ED49}.Release|Any CPU.Build.0 = Release|Any CPU
	EndGlobalSection
	GlobalSection(SolutionProperties) = preSolution
		HideSolutionNode = FALSE
	EndGlobalSection
	GlobalSection(ExtensibilityGlobals) = postSolution
		SolutionGuid = {4A2EF6EE-58D5-4CC6-B3AE-EF001206790B}
	EndGlobalSection
EndGlobal
